
Microsoft Visual Studio Solution File, Format Version 12.00
# Visual Studio Version 16
VisualStudioVersion = 16.0.31624.102
MinimumVisualStudioVersion = 10.0.40219.1
Project("{9A19103F-16F7-4668-BE54-9A1E7A4F7556}") = "RecipeApp", "RecipeApp\RecipeApp.csproj", "{C0DC92AB-F1C9-4E91-9ABE-47B89C6C2E45}"
EndProject
Project("{9A19103F-16F7-4668-BE54-9A1E7A4F7556}") = "RecipeConsole", "RecipeConsole\RecipeConsole.csproj", "{ABB2B02A-614F-4D15-BFDF-C7EEA2F079E9}"
EndProject
Project("{9A19103F-16F7-4668-BE54-9A1E7A4F7556}") = "RecipeLibrary", "RecipeLibrary\RecipeLibrary.csproj", "{A628FE4D-43B3-44B4-BDB0-87AEAB858437}"
EndProject
Project("{2150E333-8FDC-42A3-9474-1A3956D46DE8}") = "Solution Items", "Solution Items", "{23B0D1F9-08F5-401D-900E-1ACFB93D7534}"
EndProject
Global
	GlobalSection(SolutionConfigurationPlatforms) = preSolution
		Debug|Any CPU = Debug|Any CPU
		Release|Any CPU = Release|Any CPU
	EndGlobalSection
	GlobalSection(ProjectConfigurationPlatforms) = postSolution
		{C0DC92AB-F1C9-4E91-9ABE-47B89C6C2E45}.Debug|Any CPU.ActiveCfg = Debug|Any CPU
		{C0DC92AB-F1C9-4E91-9ABE-47B89C6C2E45}.Debug|Any CPU.Build.0 = Debug|Any CPU
		{C0DC92AB-F1C9-4E91-9ABE-47B89C6C2E45}.Release|Any CPU.ActiveCfg = Release|Any CPU
		{C0DC92AB-F1C9-4E91-9ABE-47B89C6C2E45}.Release|Any CPU.Build.0 = Release|Any CPU
		{ABB2B02A-614F-4D15-BFDF-C7EEA2F079E9}.Debug|Any CPU.ActiveCfg = Debug|Any CPU
		{ABB2B02A-614F-4D15-BFDF-C7EEA2F079E9}.Debug|Any CPU.Build.0 = Debug|Any CPU
		{ABB2B02A-614F-4D15-BFDF-C7EEA2F079E9}.Release|Any CPU.ActiveCfg = Release|Any CPU
		{ABB2B02A-614F-4D15-BFDF-C7EEA2F079E9}.Release|Any CPU.Build.0 = Release|Any CPU
		{A628FE4D-43B3-44B4-BDB0-87AEAB858437}.Debug|Any CPU.ActiveCfg = Debug|Any CPU
		{A628FE4D-43B3-44B4-BDB0-87AEAB858437}.Debug|Any CPU.Build.0 = Debug|Any CPU
		{A628FE4D-43B3-44B4-BDB0-87AEAB858437}.Release|Any CPU.ActiveCfg = Release|Any CPU
		{A628FE4D-43B3-44B4-BDB0-87AEAB858437}.Release|Any CPU.Build.0 = Release|Any CPU
	EndGlobalSection
	GlobalSection(SolutionProperties) = preSolution
		HideSolutionNode = FALSE
	EndGlobalSection
	GlobalSection(ExtensibilityGlobals) = postSolution
		SolutionGuid = {E5067F90-9505-4581-B884-8A907EF4B598}
	EndGlobalSection
EndGlobal
